
Microsoft Visual Studio Solution File, Format Version 12.00
# Visual Studio Version 17
VisualStudioVersion = 17.8.34525.116
MinimumVisualStudioVersion = 10.0.40219.1
Project("{2150E333-8FDC-42A3-9474-1A3956D46DE8}") = "Solution Items", "Solution Items", "{1D50C423-A012-4612-86F5-4596C0E4DB1E}"
	ProjectSection(SolutionItems) = preProject
		.gitignore = .gitignore
		.gitmodules = .gitmodules
		docsy.work = docsy.work
		go.mod = go.mod
		go.sum = go.sum
		hugo.toml = hugo.toml
		LICENSE.md = LICENSE.md
		package-lock.json = package-lock.json
		package.json = package.json
		README.md = README.md
	EndProjectSection
EndProject
Project("{2150E333-8FDC-42A3-9474-1A3956D46DE8}") = "archetypes", "archetypes", "{15CFBD12-B5AB-4829-8255-99823DCE8D0E}"
	ProjectSection(SolutionItems) = preProject
		archetypes\default.md = archetypes\default.md
	EndProjectSection
EndProject
Project("{2150E333-8FDC-42A3-9474-1A3956D46DE8}") = "assets", "assets", "{1574D0AE-94E1-4181-BE17-10F8A86FB414}"
EndProject
Project("{2150E333-8FDC-42A3-9474-1A3956D46DE8}") = "icons", "icons", "{EB178081-4A5C-464B-ABD7-3C6040CE75C0}"
	ProjectSection(SolutionItems) = preProject
		assets\icons\error.svg = assets\icons\error.svg
		assets\icons\info.svg = assets\icons\info.svg
		assets\icons\logo.svg = assets\icons\logo.svg
		assets\icons\success.svg = assets\icons\success.svg
		assets\icons\warning.svg = assets\icons\warning.svg
	EndProjectSection
EndProject
Project("{2150E333-8FDC-42A3-9474-1A3956D46DE8}") = "scss", "scss", "{44D904E6-A697-4835-B205-66FEDAE2666B}"
	ProjectSection(SolutionItems) = preProject
		assets\scss\_styles_project.scss = assets\scss\_styles_project.scss
		assets\scss\_variables_project.scss = assets\scss\_variables_project.scss
	EndProjectSection
EndProject
Project("{2150E333-8FDC-42A3-9474-1A3956D46DE8}") = "content", "content", "{551A1947-4935-44E2-8CE2-1D3B87C49C90}"
EndProject
Project("{2150E333-8FDC-42A3-9474-1A3956D46DE8}") = "de", "de", "{57CC7B55-D3FA-4B8C-99B1-CB5229B165A8}"
	ProjectSection(SolutionItems) = preProject
		content\de\_index.md = content\de\_index.md
	EndProjectSection
EndProject
Project("{2150E333-8FDC-42A3-9474-1A3956D46DE8}") = "fr", "fr", "{1BEF6CF4-9BCA-431B-8F58-16D1B306A700}"
EndProject
Project("{2150E333-8FDC-42A3-9474-1A3956D46DE8}") = "it", "it", "{45088948-6633-48B8-B3B7-70D447FC0CD9}"
EndProject
Project("{2150E333-8FDC-42A3-9474-1A3956D46DE8}") = "en", "en", "{D8F4F507-CCC9-428A-8334-DACC635D29F2}"
EndProject
Project("{2150E333-8FDC-42A3-9474-1A3956D46DE8}") = "i18n", "i18n", "{67C70B4D-3025-4E34-A1C1-ACB3C20D7B01}"
	ProjectSection(SolutionItems) = preProject
		i18n\de.toml = i18n\de.toml
		i18n\en.toml = i18n\en.toml
		i18n\fr.toml = i18n\fr.toml
		i18n\it.toml = i18n\it.toml
	EndProjectSection
EndProject
Project("{2150E333-8FDC-42A3-9474-1A3956D46DE8}") = "layouts", "layouts", "{BD661450-E70E-461E-BDCE-1E090847F9EB}"
EndProject
Project("{2150E333-8FDC-42A3-9474-1A3956D46DE8}") = "docs", "docs", "{BF842149-5AF9-460B-B1D8-0A194339E0FF}"
	ProjectSection(SolutionItems) = preProject
		layouts\docs\baseof.html = layouts\docs\baseof.html
		layouts\docs\list.html = layouts\docs\list.html
	EndProjectSection
EndProject
Project("{2150E333-8FDC-42A3-9474-1A3956D46DE8}") = "partials", "partials", "{6F8F5386-8087-4E5F-8A37-51AE15B24642}"
	ProjectSection(SolutionItems) = preProject
		layouts\partials\footer.html = layouts\partials\footer.html
		layouts\partials\navbar-lang-selector.html = layouts\partials\navbar-lang-selector.html
		layouts\partials\navbar.html = layouts\partials\navbar.html
	EndProjectSection
EndProject
Project("{2150E333-8FDC-42A3-9474-1A3956D46DE8}") = "shortcodes", "shortcodes", "{4A1AF877-0FEF-4371-85BA-0B9D9ADFF707}"
	ProjectSection(SolutionItems) = preProject
		layouts\shortcodes\alert.html = layouts\shortcodes\alert.html
		layouts\shortcodes\table_of_contents.html = layouts\shortcodes\table_of_contents.html
	EndProjectSection
EndProject
Project("{2150E333-8FDC-42A3-9474-1A3956D46DE8}") = "2_page1", "2_page1", "{B5843A58-512B-4F62-918C-FE3696AF9FBC}"
	ProjectSection(SolutionItems) = preProject
		content\de\2_page1\_index.md = content\de\2_page1\_index.md
	EndProjectSection
EndProject
Project("{2150E333-8FDC-42A3-9474-1A3956D46DE8}") = "3_page2", "3_page2", "{86FD0832-F3C0-46FC-9A9C-49B722E34124}"
	ProjectSection(SolutionItems) = preProject
		1_page21.md = 1_page21.md
		_index.md = _index.md
	EndProjectSection
EndProject
Project("{2150E333-8FDC-42A3-9474-1A3956D46DE8}") = "static", "static", "{3D3DEC42-F1EF-4F64-B199-E55BF1EAD7EB}"
EndProject
Project("{2150E333-8FDC-42A3-9474-1A3956D46DE8}") = "img", "img", "{9881F2FC-6F6F-497F-BB0E-6EEAE5A89E8E}"
	ProjectSection(SolutionItems) = preProject
		static\img\image.png = static\img\image.png
	EndProjectSection
EndProject
Project("{2150E333-8FDC-42A3-9474-1A3956D46DE8}") = "favicons", "favicons", "{1180679E-9ACD-44A5-829F-40A1CA258B88}"
	ProjectSection(SolutionItems) = preProject
		static\favicons\favicon.ico = static\favicons\favicon.ico
	EndProjectSection
EndProject
Global
	GlobalSection(SolutionProperties) = preSolution
		HideSolutionNode = FALSE
	EndGlobalSection
	GlobalSection(NestedProjects) = preSolution
		{EB178081-4A5C-464B-ABD7-3C6040CE75C0} = {1574D0AE-94E1-4181-BE17-10F8A86FB414}
		{44D904E6-A697-4835-B205-66FEDAE2666B} = {1574D0AE-94E1-4181-BE17-10F8A86FB414}
		{57CC7B55-D3FA-4B8C-99B1-CB5229B165A8} = {551A1947-4935-44E2-8CE2-1D3B87C49C90}
		{1BEF6CF4-9BCA-431B-8F58-16D1B306A700} = {551A1947-4935-44E2-8CE2-1D3B87C49C90}
		{45088948-6633-48B8-B3B7-70D447FC0CD9} = {551A1947-4935-44E2-8CE2-1D3B87C49C90}
		{D8F4F507-CCC9-428A-8334-DACC635D29F2} = {551A1947-4935-44E2-8CE2-1D3B87C49C90}
		{BF842149-5AF9-460B-B1D8-0A194339E0FF} = {BD661450-E70E-461E-BDCE-1E090847F9EB}
		{6F8F5386-8087-4E5F-8A37-51AE15B24642} = {BD661450-E70E-461E-BDCE-1E090847F9EB}
		{4A1AF877-0FEF-4371-85BA-0B9D9ADFF707} = {BD661450-E70E-461E-BDCE-1E090847F9EB}
		{B5843A58-512B-4F62-918C-FE3696AF9FBC} = {57CC7B55-D3FA-4B8C-99B1-CB5229B165A8}
		{86FD0832-F3C0-46FC-9A9C-49B722E34124} = {57CC7B55-D3FA-4B8C-99B1-CB5229B165A8}
		{9881F2FC-6F6F-497F-BB0E-6EEAE5A89E8E} = {3D3DEC42-F1EF-4F64-B199-E55BF1EAD7EB}
		{1180679E-9ACD-44A5-829F-40A1CA258B88} = {3D3DEC42-F1EF-4F64-B199-E55BF1EAD7EB}
	EndGlobalSection
	GlobalSection(ExtensibilityGlobals) = postSolution
		SolutionGuid = {B95788FE-8DDD-4FA1-BCEA-49A8D01F2DEE}
	EndGlobalSection
EndGlobal
